PODS:
  - GoogleMaps (6.0.1):
    - GoogleMaps/Maps (= 6.0.1)
  - GoogleMaps/Base (6.0.1)
  - GoogleMaps/Maps (6.0.1):
    - GoogleMaps/Base

DEPENDENCIES:
  - GoogleMaps (= 6.0.1)

SPEC REPOS:
  trunk:
    - GoogleMaps

SPEC CHECKSUMS:
  GoogleMaps: c213fc2334b7374144cede914da779b99be0ab74

PODFILE CHECKSUM: 614243d84012818f9aa26af86ad167f89361bcb9

COCOAPODS: 1.11.2
