// !$*UTF8*$!
{
	archiveVersion = 1;
	classes = {
	};
	objectVersion = 55;
	objects = {

/* Begin PBXBuildFile section */
		252ACC101C08D80EEC2397C2 /* Pods_Map.framework in Frameworks */ = {isa = PBXBuildFile; fileRef = 8E4ABFE52CF1909D527EDD28 /* Pods_Map.framework */; };
		C58BF1AE278EAF22003E274F /* GoogleService-Info.plist in Resources */ = {isa = PBXBuildFile; fileRef = C58BF1AD278EAF22003E274F /* GoogleService-Info.plist */; };
		C5B28A02278E020C00271BB6 /* AppDelegate.swift in Sources */ = {isa = PBXBuildFile; fileRef = C5B28A01278E020C00271BB6 /* AppDelegate.swift */; };
		C5B28A06278E020C00271BB6 /* ViewController.swift in Sources */ = {isa = PBXBuildFile; fileRef = C5B28A05278E020C00271BB6 /* ViewController.swift */; };
		C5B28A09278E020C00271BB6 /* Main.storyboard in Resources */ = {isa = PBXBuildFile; fileRef = C5B28A07278E020C00271BB6 /* Main.storyboard */; };
		C5B28A0B278E020D00271BB6 /* Assets.xcassets in Resources */ = {isa = PBXBuildFile; fileRef = C5B28A0A278E020D00271BB6 /* Assets.xcassets */; };
		C5B28A0E278E020D00271BB6 /* LaunchScreen.storyboard in Resources */ = {isa = PBXBuildFile; fileRef = C5B28A0C278E020D00271BB6 /* LaunchScreen.storyboard */; };
		C5B28A25278E02F600271BB6 /* UIViewController+Extensions.swift in Sources */ = {isa = PBXBuildFile; fileRef = C5B28A1A278E02F600271BB6 /* UIViewController+Extensions.swift */; };
		C5B28A26278E02F600271BB6 /* Encodable+Extensions.swift in Sources */ = {isa = PBXBuildFile; fileRef = C5B28A1B278E02F600271BB6 /* Encodable+Extensions.swift */; };
		C5B28A27278E02F600271BB6 /* URL + Extenstions.swift in Sources */ = {isa = PBXBuildFile; fileRef = C5B28A1C278E02F600271BB6 /* URL + Extenstions.swift */; };
		C5B28A28278E02F600271BB6 /* UIView + Extensions.swift in Sources */ = {isa = PBXBuildFile; fileRef = C5B28A1D278E02F600271BB6 /* UIView + Extensions.swift */; };
		C5B28A29278E02F600271BB6 /* UIButton + Extensions.swift in Sources */ = {isa = PBXBuildFile; fileRef = C5B28A1E278E02F600271BB6 /* UIButton + Extensions.swift */; };
		C5B28A2A278E02F600271BB6 /* APIError.swift in Sources */ = {isa = PBXBuildFile; fileRef = C5B28A20278E02F600271BB6 /* APIError.swift */; };
		C5B28A2B278E02F600271BB6 /* SimpleNews.swift in Sources */ = {isa = PBXBuildFile; fileRef = C5B28A21278E02F600271BB6 /* SimpleNews.swift */; };
		C5B28A2C278E02F600271BB6 /* APIResponse.swift in Sources */ = {isa = PBXBuildFile; fileRef = C5B28A22278E02F600271BB6 /* APIResponse.swift */; };
		C5B28A2D278E02F600271BB6 /* APIRoute.swift in Sources */ = {isa = PBXBuildFile; fileRef = C5B28A23278E02F600271BB6 /* APIRoute.swift */; };
		C5B28A2E278E02F600271BB6 /* APIHandler.swift in Sources */ = {isa = PBXBuildFile; fileRef = C5B28A24278E02F600271BB6 /* APIHandler.swift */; };
/* End PBXBuildFile section */

/* Begin PBXFileReference section */
		543314501B6805498505445E /* Pods-Map.release.xcconfig */ = {isa = PBXFileReference; includeInIndex = 1; lastKnownFileType = text.xcconfig; name = "Pods-Map.release.xcconfig"; path = "Target Support Files/Pods-Map/Pods-Map.release.xcconfig"; sourceTree = "<group>"; };
		8E4ABFE52CF1909D527EDD28 /* Pods_Map.framework */ = {isa = PBXFileReference; explicitFileType = wrapper.framework; includeInIndex = 0; path = Pods_Map.framework; sourceTree = BUILT_PRODUCTS_DIR; };
		C58BF1AD278EAF22003E274F /* GoogleService-Info.plist */ = {isa = PBXFileReference; fileEncoding = 4; lastKnownFileType = text.plist.xml; path = "GoogleService-Info.plist"; sourceTree = "<group>"; };
		C5B289FE278E020C00271BB6 /* Map.app */ = {isa = PBXFileReference; explicitFileType = wrapper.application; includeInIndex = 0; path = Map.app; sourceTree = BUILT_PRODUCTS_DIR; };
		C5B28A01278E020C00271BB6 /* AppDelegate.swift */ = {isa = PBXFileReference; lastKnownFileType = sourcecode.swift; path = AppDelegate.swift; sourceTree = "<group>"; };
		C5B28A05278E020C00271BB6 /* ViewController.swift */ = {isa = PBXFileReference; lastKnownFileType = sourcecode.swift; path = ViewController.swift; sourceTree = "<group>"; };
		C5B28A08278E020C00271BB6 /* Base */ = {isa = PBXFileReference; lastKnownFileType = file.storyboard; name = Base; path = Base.lproj/Main.storyboard; sourceTree = "<group>"; };
		C5B28A0A278E020D00271BB6 /* Assets.xcassets */ = {isa = PBXFileReference; lastKnownFileType = folder.assetcatalog; path = Assets.xcassets; sourceTree = "<group>"; };
		C5B28A0D278E020D00271BB6 /* Base */ = {isa = PBXFileReference; lastKnownFileType = file.storyboard; name = Base; path = Base.lproj/LaunchScreen.storyboard; sourceTree = "<group>"; };
		C5B28A0F278E020D00271BB6 /* Info.plist */ = {isa = PBXFileReference; lastKnownFileType = text.plist.xml; path = Info.plist; sourceTree = "<group>"; };
		C5B28A1A278E02F600271BB6 /* UIViewController+Extensions.swift */ = {isa = PBXFileReference; fileEncoding = 4; lastKnownFileType = sourcecode.swift; path = "UIViewController+Extensions.swift"; sourceTree = "<group>"; };
		C5B28A1B278E02F600271BB6 /* Encodable+Extensions.swift */ = {isa = PBXFileReference; fileEncoding = 4; lastKnownFileType = sourcecode.swift; path = "Encodable+Extensions.swift"; sourceTree = "<group>"; };
		C5B28A1C278E02F600271BB6 /* URL + Extenstions.swift */ = {isa = PBXFileReference; fileEncoding = 4; lastKnownFileType = sourcecode.swift; path = "URL + Extenstions.swift"; sourceTree = "<group>"; };
		C5B28A1D278E02F600271BB6 /* UIView + Extensions.swift */ = {isa = PBXFileReference; fileEncoding = 4; lastKnownFileType = sourcecode.swift; path = "UIView + Extensions.swift"; sourceTree = "<group>"; };
		C5B28A1E278E02F600271BB6 /* UIButton + Extensions.swift */ = {isa = PBXFileReference; fileEncoding = 4; lastKnownFileType = sourcecode.swift; path = "UIButton + Extensions.swift"; sourceTree = "<group>"; };
		C5B28A20278E02F600271BB6 /* APIError.swift */ = {isa = PBXFileReference; fileEncoding = 4; lastKnownFileType = sourcecode.swift; path = APIError.swift; sourceTree = "<group>"; };
		C5B28A21278E02F600271BB6 /* SimpleNews.swift */ = {isa = PBXFileReference; fileEncoding = 4; lastKnownFileType = sourcecode.swift; path = SimpleNews.swift; sourceTree = "<group>"; };
		C5B28A22278E02F600271BB6 /* APIResponse.swift */ = {isa = PBXFileReference; fileEncoding = 4; lastKnownFileType = sourcecode.swift; path = APIResponse.swift; sourceTree = "<group>"; };
		C5B28A23278E02F600271BB6 /* APIRoute.swift */ = {isa = PBXFileReference; fileEncoding = 4; lastKnownFileType = sourcecode.swift; path = APIRoute.swift; sourceTree = "<group>"; };
		C5B28A24278E02F600271BB6 /* APIHandler.swift */ = {isa = PBXFileReference; fileEncoding = 4; lastKnownFileType = sourcecode.swift; path = APIHandler.swift; sourceTree = "<group>"; };
		D10D6672F12F7DB9BD4F200E /* Pods-Map.debug.xcconfig */ = {isa = PBXFileReference; includeInIndex = 1; lastKnownFileType = text.xcconfig; name = "Pods-Map.debug.xcconfig"; path = "Target Support Files/Pods-Map/Pods-Map.debug.xcconfig"; sourceTree = "<group>"; };
/* End PBXFileReference section */

/* Begin PBXFrameworksBuildPhase section */
		C5B289FB278E020C00271BB6 /* Frameworks */ = {
			isa = PBXFrameworksBuildPhase;
			buildActionMask = 2147483647;
			files = (
				252ACC101C08D80EEC2397C2 /* Pods_Map.framework in Frameworks */,
			);
			runOnlyForDeploymentPostprocessing = 0;
		};
/* End PBXFrameworksBuildPhase section */

/* Begin PBXGroup section */
		B9E52A2268987AC0FBC53AF0 /* Frameworks */ = {
			isa = PBXGroup;
			children = (
				8E4ABFE52CF1909D527EDD28 /* Pods_Map.framework */,
			);
			name = Frameworks;
			sourceTree = "<group>";
		};
		C58BF1AC278EAF09003E274F /* Supporting Files */ = {
			isa = PBXGroup;
			children = (
				C58BF1AD278EAF22003E274F /* GoogleService-Info.plist */,
			);
			path = "Supporting Files";
			sourceTree = "<group>";
		};
		C5B289F5278E020B00271BB6 = {
			isa = PBXGroup;
			children = (
				C5B28A00278E020C00271BB6 /* Map */,
				C5B289FF278E020C00271BB6 /* Products */,
				CB615F45E9217CCD278260E6 /* Pods */,
				B9E52A2268987AC0FBC53AF0 /* Frameworks */,
			);
			sourceTree = "<group>";
		};
		C5B289FF278E020C00271BB6 /* Products */ = {
			isa = PBXGroup;
			children = (
				C5B289FE278E020C00271BB6 /* Map.app */,
			);
			name = Products;
			sourceTree = "<group>";
		};
		C5B28A00278E020C00271BB6 /* Map */ = {
			isa = PBXGroup;
			children = (
				C5B28A18278E026900271BB6 /* App Delegate */,
				C5B28A19278E02F600271BB6 /* Extensions */,
				C5B28A1F278E02F600271BB6 /* Network */,
				C5B28A17278E025B00271BB6 /* Scenes */,
				C5B28A07278E020C00271BB6 /* Main.storyboard */,
				C5B28A0C278E020D00271BB6 /* LaunchScreen.storyboard */,
				C5B28A16278E024500271BB6 /* Storyboards */,
				C5B28A15278E023400271BB6 /* Assests */,
				C58BF1AC278EAF09003E274F /* Supporting Files */,
				C5B28A05278E020C00271BB6 /* ViewController.swift */,
				C5B28A0F278E020D00271BB6 /* Info.plist */,
			);
			path = Map;
			sourceTree = "<group>";
		};
		C5B28A15278E023400271BB6 /* Assests */ = {
			isa = PBXGroup;
			children = (
				C5B28A0A278E020D00271BB6 /* Assets.xcassets */,
			);
			path = Assests;
			sourceTree = "<group>";
		};
		C5B28A16278E024500271BB6 /* Storyboards */ = {
			isa = PBXGroup;
			children = (
			);
			path = Storyboards;
			sourceTree = "<group>";
		};
		C5B28A17278E025B00271BB6 /* Scenes */ = {
			isa = PBXGroup;
			children = (
			);
			path = Scenes;
			sourceTree = "<group>";
		};
		C5B28A18278E026900271BB6 /* App Delegate */ = {
			isa = PBXGroup;
			children = (
				C5B28A01278E020C00271BB6 /* AppDelegate.swift */,
			);
			path = "App Delegate";
			sourceTree = "<group>";
		};
		C5B28A19278E02F600271BB6 /* Extensions */ = {
			isa = PBXGroup;
			children = (
				C5B28A1A278E02F600271BB6 /* UIViewController+Extensions.swift */,
				C5B28A1B278E02F600271BB6 /* Encodable+Extensions.swift */,
				C5B28A1C278E02F600271BB6 /* URL + Extenstions.swift */,
				C5B28A1D278E02F600271BB6 /* UIView + Extensions.swift */,
				C5B28A1E278E02F600271BB6 /* UIButton + Extensions.swift */,
			);
			path = Extensions;
			sourceTree = "<group>";
		};
		C5B28A1F278E02F600271BB6 /* Network */ = {
			isa = PBXGroup;
			children = (
				C5B28A20278E02F600271BB6 /* APIError.swift */,
				C5B28A21278E02F600271BB6 /* SimpleNews.swift */,
				C5B28A22278E02F600271BB6 /* APIResponse.swift */,
				C5B28A23278E02F600271BB6 /* APIRoute.swift */,
				C5B28A24278E02F600271BB6 /* APIHandler.swift */,
			);
			path = Network;
			sourceTree = "<group>";
		};
		CB615F45E9217CCD278260E6 /* Pods */ = {
			isa = PBXGroup;
			children = (
				D10D6672F12F7DB9BD4F200E /* Pods-Map.debug.xcconfig */,
				543314501B6805498505445E /* Pods-Map.release.xcconfig */,
			);
			path = Pods;
			sourceTree = "<group>";
		};
/* End PBXGroup section */

/* Begin PBXNativeTarget section */
		C5B289FD278E020C00271BB6 /* Map */ = {
			isa = PBXNativeTarget;
			buildConfigurationList = C5B28A12278E020D00271BB6 /* Build configuration list for PBXNativeTarget "Map" */;
			buildPhases = (
				8EB7B42DFF2B2327165C9711 /* [CP] Check Pods Manifest.lock */,
				C5B289FA278E020C00271BB6 /* Sources */,
				C5B289FB278E020C00271BB6 /* Frameworks */,
				C5B289FC278E020C00271BB6 /* Resources */,
				9854AD7EA61876E652092CE3 /* [CP] Copy Pods Resources */,
				087E9DE9AC05D3ECAED97FB7 /* [CP] Embed Pods Frameworks */,
			);
			buildRules = (
			);
			dependencies = (
			);
			name = Map;
			productName = Map;
			productReference = C5B289FE278E020C00271BB6 /* Map.app */;
			productType = "com.apple.product-type.application";
		};
/* End PBXNativeTarget section */

/* Begin PBXProject section */
		C5B289F6278E020B00271BB6 /* Project object */ = {
			isa = PBXProject;
			attributes = {
				BuildIndependentTargetsInParallel = 1;
				LastSwiftUpdateCheck = 1310;
				LastUpgradeCheck = 1310;
				TargetAttributes = {
					C5B289FD278E020C00271BB6 = {
						CreatedOnToolsVersion = 13.1;
					};
				};
			};
			buildConfigurationList = C5B289F9278E020B00271BB6 /* Build configuration list for PBXProject "Map" */;
			compatibilityVersion = "Xcode 13.0";
			developmentRegion = en;
			hasScannedForEncodings = 0;
			knownRegions = (
				en,
				Base,
			);
			mainGroup = C5B289F5278E020B00271BB6;
			productRefGroup = C5B289FF278E020C00271BB6 /* Products */;
			projectDirPath = "";
			projectRoot = "";
			targets = (
				C5B289FD278E020C00271BB6 /* Map */,
			);
		};
/* End PBXProject section */

/* Begin PBXResourcesBuildPhase section */
		C5B289FC278E020C00271BB6 /* Resources */ = {
			isa = PBXResourcesBuildPhase;
			buildActionMask = 2147483647;
			files = (
				C5B28A0E278E020D00271BB6 /* LaunchScreen.storyboard in Resources */,
				C5B28A0B278E020D00271BB6 /* Assets.xcassets in Resources */,
				C58BF1AE278EAF22003E274F /* GoogleService-Info.plist in Resources */,
				C5B28A09278E020C00271BB6 /* Main.storyboard in Resources */,
			);
			runOnlyForDeploymentPostprocessing = 0;
		};
/* End PBXResourcesBuildPhase section */

/* Begin PBXShellScriptBuildPhase section */
		087E9DE9AC05D3ECAED97FB7 /* [CP] Embed Pods Frameworks */ = {
			isa = PBXShellScriptBuildPhase;
			buildActionMask = 2147483647;
			files = (
			);
			inputFileListPaths = (
				"${PODS_ROOT}/Target Support Files/Pods-Map/Pods-Map-frameworks-${CONFIGURATION}-input-files.xcfilelist",
			);
			name = "[CP] Embed Pods Frameworks";
			outputFileListPaths = (
				"${PODS_ROOT}/Target Support Files/Pods-Map/Pods-Map-frameworks-${CONFIGURATION}-output-files.xcfilelist",
			);
			runOnlyForDeploymentPostprocessing = 0;
			shellPath = /bin/sh;
			shellScript = "\"${PODS_ROOT}/Target Support Files/Pods-Map/Pods-Map-frameworks.sh\"\n";
			showEnvVarsInLog = 0;
		};
		8EB7B42DFF2B2327165C9711 /* [CP] Check Pods Manifest.lock */ = {
			isa = PBXShellScriptBuildPhase;
			buildActionMask = 2147483647;
			files = (
			);
			inputFileListPaths = (
			);
			inputPaths = (
				"${PODS_PODFILE_DIR_PATH}/Podfile.lock",
				"${PODS_ROOT}/Manifest.lock",
			);
			name = "[CP] Check Pods Manifest.lock";
			outputFileListPaths = (
			);
			outputPaths = (
				"$(DERIVED_FILE_DIR)/Pods-Map-checkManifestLockResult.txt",
			);
			runOnlyForDeploymentPostprocessing = 0;
			shellPath = /bin/sh;
			shellScript = "diff \"${PODS_PODFILE_DIR_PATH}/Podfile.lock\" \"${PODS_ROOT}/Manifest.lock\" > /dev/null\nif [ $? != 0 ] ; then\n    # print error to STDERR\n    echo \"error: The sandbox is not in sync with the Podfile.lock. Run 'pod install' or update your CocoaPods installation.\" >&2\n    exit 1\nfi\n# This output is used by Xcode 'outputs' to avoid re-running this script phase.\necho \"SUCCESS\" > \"${SCRIPT_OUTPUT_FILE_0}\"\n";
			showEnvVarsInLog = 0;
		};
		9854AD7EA61876E652092CE3 /* [CP] Copy Pods Resources */ = {
			isa = PBXShellScriptBuildPhase;
			buildActionMask = 2147483647;
			files = (
			);
			inputFileListPaths = (
				"${PODS_ROOT}/Target Support Files/Pods-Map/Pods-Map-resources-${CONFIGURATION}-input-files.xcfilelist",
			);
			name = "[CP] Copy Pods Resources";
			outputFileListPaths = (
				"${PODS_ROOT}/Target Support Files/Pods-Map/Pods-Map-resources-${CONFIGURATION}-output-files.xcfilelist",
			);
			runOnlyForDeploymentPostprocessing = 0;
			shellPath = /bin/sh;
			shellScript = "\"${PODS_ROOT}/Target Support Files/Pods-Map/Pods-Map-resources.sh\"\n";
			showEnvVarsInLog = 0;
		};
/* End PBXShellScriptBuildPhase section */

/* Begin PBXSourcesBuildPhase section */
		C5B289FA278E020C00271BB6 /* Sources */ = {
			isa = PBXSourcesBuildPhase;
			buildActionMask = 2147483647;
			files = (
				C5B28A27278E02F600271BB6 /* URL + Extenstions.swift in Sources */,
				C5B28A06278E020C00271BB6 /* ViewController.swift in Sources */,
				C5B28A29278E02F600271BB6 /* UIButton + Extensions.swift in Sources */,
				C5B28A2E278E02F600271BB6 /* APIHandler.swift in Sources */,
				C5B28A2D278E02F600271BB6 /* APIRoute.swift in Sources */,
				C5B28A2C278E02F600271BB6 /* APIResponse.swift in Sources */,
				C5B28A26278E02F600271BB6 /* Encodable+Extensions.swift in Sources */,
				C5B28A2B278E02F600271BB6 /* SimpleNews.swift in Sources */,
				C5B28A25278E02F600271BB6 /* UIViewController+Extensions.swift in Sources */,
				C5B28A2A278E02F600271BB6 /* APIError.swift in Sources */,
				C5B28A28278E02F600271BB6 /* UIView + Extensions.swift in Sources */,
				C5B28A02278E020C00271BB6 /* AppDelegate.swift in Sources */,
			);
			runOnlyForDeploymentPostprocessing = 0;
		};
/* End PBXSourcesBuildPhase section */

/* Begin PBXVariantGroup section */
		C5B28A07278E020C00271BB6 /* Main.storyboard */ = {
			isa = PBXVariantGroup;
			children = (
				C5B28A08278E020C00271BB6 /* Base */,
			);
			name = Main.storyboard;
			sourceTree = "<group>";
		};
		C5B28A0C278E020D00271BB6 /* LaunchScreen.storyboard */ = {
			isa = PBXVariantGroup;
			children = (
				C5B28A0D278E020D00271BB6 /* Base */,
			);
			name = LaunchScreen.storyboard;
			sourceTree = "<group>";
		};
/* End PBXVariantGroup section */

/* Begin XCBuildConfiguration section */
		C5B28A10278E020D00271BB6 /* Debug */ = {
			isa = XCBuildConfiguration;
			buildSettings = {
				ALWAYS_SEARCH_USER_PATHS = NO;
				CLANG_ANALYZER_NONNULL = YES;
				CLANG_ANALYZER_NUMBER_OBJECT_CONVERSION = YES_AGGRESSIVE;
				CLANG_CXX_LANGUAGE_STANDARD = "gnu++17";
				CLANG_CXX_LIBRARY = "libc++";
				CLANG_ENABLE_MODULES = YES;
				CLANG_ENABLE_OBJC_ARC = YES;
				CLANG_ENABLE_OBJC_WEAK = YES;
				CLANG_WARN_BLOCK_CAPTURE_AUTORELEASING = YES;
				CLANG_WARN_BOOL_CONVERSION = YES;
				CLANG_WARN_COMMA = YES;
				CLANG_WARN_CONSTANT_CONVERSION = YES;
				CLANG_WARN_DEPRECATED_OBJC_IMPLEMENTATIONS = YES;
				CLANG_WARN_DIRECT_OBJC_ISA_USAGE = YES_ERROR;
				CLANG_WARN_DOCUMENTATION_COMMENTS = YES;
				CLANG_WARN_EMPTY_BODY = YES;
				CLANG_WARN_ENUM_CONVERSION = YES;
				CLANG_WARN_INFINITE_RECURSION = YES;
				CLANG_WARN_INT_CONVERSION = YES;
				CLANG_WARN_NON_LITERAL_NULL_CONVERSION = YES;
				CLANG_WARN_OBJC_IMPLICIT_RETAIN_SELF = YES;
				CLANG_WARN_OBJC_LITERAL_CONVERSION = YES;
				CLANG_WARN_OBJC_ROOT_CLASS = YES_ERROR;
				CLANG_WARN_QUOTED_INCLUDE_IN_FRAMEWORK_HEADER = YES;
				CLANG_WARN_RANGE_LOOP_ANALYSIS = YES;
				CLANG_WARN_STRICT_PROTOTYPES = YES;
				CLANG_WARN_SUSPICIOUS_MOVE = YES;
				CLANG_WARN_UNGUARDED_AVAILABILITY = YES_AGGRESSIVE;
				CLANG_WARN_UNREACHABLE_CODE = YES;
				CLANG_WARN__DUPLICATE_METHOD_MATCH = YES;
				COPY_PHASE_STRIP = NO;
				DEBUG_INFORMATION_FORMAT = dwarf;
				ENABLE_STRICT_OBJC_MSGSEND = YES;
				ENABLE_TESTABILITY = YES;
				GCC_C_LANGUAGE_STANDARD = gnu11;
				GCC_DYNAMIC_NO_PIC = NO;
				GCC_NO_COMMON_BLOCKS = YES;
				GCC_OPTIMIZATION_LEVEL = 0;
				GCC_PREPROCESSOR_DEFINITIONS = (
					"DEBUG=1",
					"$(inherited)",
				);
				GCC_WARN_64_TO_32_BIT_CONVERSION = YES;
				GCC_WARN_ABOUT_RETURN_TYPE = YES_ERROR;
				GCC_WARN_UNDECLARED_SELECTOR = YES;
				GCC_WARN_UNINITIALIZED_AUTOS = YES_AGGRESSIVE;
				GCC_WARN_UNUSED_FUNCTION = YES;
				GCC_WARN_UNUSED_VARIABLE = YES;
				IPHONEOS_DEPLOYMENT_TARGET = 15.0;
				MTL_ENABLE_DEBUG_INFO = INCLUDE_SOURCE;
				MTL_FAST_MATH = YES;
				ONLY_ACTIVE_ARCH = YES;
				SDKROOT = iphoneos;
				SWIFT_ACTIVE_COMPILATION_CONDITIONS = DEBUG;
				SWIFT_OPTIMIZATION_LEVEL = "-Onone";
			};
			name = Debug;
		};
		C5B28A11278E020D00271BB6 /* Release */ = {
			isa = XCBuildConfiguration;
			buildSettings = {
				ALWAYS_SEARCH_USER_PATHS = NO;
				CLANG_ANALYZER_NONNULL = YES;
				CLANG_ANALYZER_NUMBER_OBJECT_CONVERSION = YES_AGGRESSIVE;
				CLANG_CXX_LANGUAGE_STANDARD = "gnu++17";
				CLANG_CXX_LIBRARY = "libc++";
				CLANG_ENABLE_MODULES = YES;
				CLANG_ENABLE_OBJC_ARC = YES;
				CLANG_ENABLE_OBJC_WEAK = YES;
				CLANG_WARN_BLOCK_CAPTURE_AUTORELEASING = YES;
				CLANG_WARN_BOOL_CONVERSION = YES;
				CLANG_WARN_COMMA = YES;
				CLANG_WARN_CONSTANT_CONVERSION = YES;
				CLANG_WARN_DEPRECATED_OBJC_IMPLEMENTATIONS = YES;
				CLANG_WARN_DIRECT_OBJC_ISA_USAGE = YES_ERROR;
				CLANG_WARN_DOCUMENTATION_COMMENTS = YES;
				CLANG_WARN_EMPTY_BODY = YES;
				CLANG_WARN_ENUM_CONVERSION = YES;
				CLANG_WARN_INFINITE_RECURSION = YES;
				CLANG_WARN_INT_CONVERSION = YES;
				CLANG_WARN_NON_LITERAL_NULL_CONVERSION = YES;
				CLANG_WARN_OBJC_IMPLICIT_RETAIN_SELF = YES;
				CLANG_WARN_OBJC_LITERAL_CONVERSION = YES;
				CLANG_WARN_OBJC_ROOT_CLASS = YES_ERROR;
				CLANG_WARN_QUOTED_INCLUDE_IN_FRAMEWORK_HEADER = YES;
				CLANG_WARN_RANGE_LOOP_ANALYSIS = YES;
				CLANG_WARN_STRICT_PROTOTYPES = YES;
				CLANG_WARN_SUSPICIOUS_MOVE = YES;
				CLANG_WARN_UNGUARDED_AVAILABILITY = YES_AGGRESSIVE;
				CLANG_WARN_UNREACHABLE_CODE = YES;
				CLANG_WARN__DUPLICATE_METHOD_MATCH = YES;
				COPY_PHASE_STRIP = NO;
				DEBUG_INFORMATION_FORMAT = "dwarf-with-dsym";
				ENABLE_NS_ASSERTIONS = NO;
				ENABLE_STRICT_OBJC_MSGSEND = YES;
				GCC_C_LANGUAGE_STANDARD = gnu11;
				GCC_NO_COMMON_BLOCKS = YES;
				GCC_WARN_64_TO_32_BIT_CONVERSION = YES;
				GCC_WARN_ABOUT_RETURN_TYPE = YES_ERROR;
				GCC_WARN_UNDECLARED_SELECTOR = YES;
				GCC_WARN_UNINITIALIZED_AUTOS = YES_AGGRESSIVE;
				GCC_WARN_UNUSED_FUNCTION = YES;
				GCC_WARN_UNUSED_VARIABLE = YES;
				IPHONEOS_DEPLOYMENT_TARGET = 15.0;
				MTL_ENABLE_DEBUG_INFO = NO;
				MTL_FAST_MATH = YES;
				SDKROOT = iphoneos;
				SWIFT_COMPILATION_MODE = wholemodule;
				SWIFT_OPTIMIZATION_LEVEL = "-O";
				VALIDATE_PRODUCT = YES;
			};
			name = Release;
		};
		C5B28A13278E020D00271BB6 /* Debug */ = {
			isa = XCBuildConfiguration;
			baseConfigurationReference = D10D6672F12F7DB9BD4F200E /* Pods-Map.debug.xcconfig */;
			buildSettings = {
				ASSETCATALOG_COMPILER_APPICON_NAME = AppIcon;
				ASSETCATALOG_COMPILER_GLOBAL_ACCENT_COLOR_NAME = AccentColor;
				CODE_SIGN_STYLE = Automatic;
				CURRENT_PROJECT_VERSION = 1;
				GENERATE_INFOPLIST_FILE = YES;
				INFOPLIST_FILE = Map/Info.plist;
				INFOPLIST_KEY_UIApplicationSupportsIndirectInputEvents = YES;
				INFOPLIST_KEY_UILaunchStoryboardName = LaunchScreen;
				INFOPLIST_KEY_UIMainStoryboardFile = Main;
				INFOPLIST_KEY_UISupportedInterfaceOrientations_iPad = "UIInterfaceOrientationPortrait UIInterfaceOrientationPortraitUpsideDown UIInterfaceOrientationLandscapeLeft UIInterfaceOrientationLandscapeRight";
				INFOPLIST_KEY_UISupportedInterfaceOrientations_iPhone = "UIInterfaceOrientationPortrait UIInterfaceOrientationLandscapeLeft UIInterfaceOrientationLandscapeRight";
				LD_RUNPATH_SEARCH_PATHS = (
					"$(inherited)",
					"@executable_path/Frameworks",
				);
				MARKETING_VERSION = 1.0;
				PRODUCT_BUNDLE_IDENTIFIER = monica.Map;
				PRODUCT_NAME = "$(TARGET_NAME)";
				SWIFT_EMIT_LOC_STRINGS = YES;
				SWIFT_VERSION = 5.0;
				TARGETED_DEVICE_FAMILY = 1;
			};
			name = Debug;
		};
		C5B28A14278E020D00271BB6 /* Release */ = {
			isa = XCBuildConfiguration;
			baseConfigurationReference = 543314501B6805498505445E /* Pods-Map.release.xcconfig */;
			buildSettings = {
				ASSETCATALOG_COMPILER_APPICON_NAME = AppIcon;
				ASSETCATALOG_COMPILER_GLOBAL_ACCENT_COLOR_NAME = AccentColor;
				CODE_SIGN_STYLE = Automatic;
				CURRENT_PROJECT_VERSION = 1;
				GENERATE_INFOPLIST_FILE = YES;
				INFOPLIST_FILE = Map/Info.plist;
				INFOPLIST_KEY_UIApplicationSupportsIndirectInputEvents = YES;
				INFOPLIST_KEY_UILaunchStoryboardName = LaunchScreen;
				INFOPLIST_KEY_UIMainStoryboardFile = Main;
				INFOPLIST_KEY_UISupportedInterfaceOrientations_iPad = "UIInterfaceOrientationPortrait UIInterfaceOrientationPortraitUpsideDown UIInterfaceOrientationLandscapeLeft UIInterfaceOrientationLandscapeRight";
				INFOPLIST_KEY_UISupportedInterfaceOrientations_iPhone = "UIInterfaceOrientationPortrait UIInterfaceOrientationLandscapeLeft UIInterfaceOrientationLandscapeRight";
				LD_RUNPATH_SEARCH_PATHS = (
					"$(inherited)",
					"@executable_path/Frameworks",
				);
				MARKETING_VERSION = 1.0;
				PRODUCT_BUNDLE_IDENTIFIER = monica.Map;
				PRODUCT_NAME = "$(TARGET_NAME)";
				SWIFT_EMIT_LOC_STRINGS = YES;
				SWIFT_VERSION = 5.0;
				TARGETED_DEVICE_FAMILY = 1;
			};
			name = Release;
		};
/* End XCBuildConfiguration section */

/* Begin XCConfigurationList section */
		C5B289F9278E020B00271BB6 /* Build configuration list for PBXProject "Map" */ = {
			isa = XCConfigurationList;
			buildConfigurations = (
				C5B28A10278E020D00271BB6 /* Debug */,
				C5B28A11278E020D00271BB6 /* Release */,
			);
			defaultConfigurationIsVisible = 0;
			defaultConfigurationName = Release;
		};
		C5B28A12278E020D00271BB6 /* Build configuration list for PBXNativeTarget "Map" */ = {
			isa = XCConfigurationList;
			buildConfigurations = (
				C5B28A13278E020D00271BB6 /* Debug */,
				C5B28A14278E020D00271BB6 /* Release */,
			);
			defaultConfigurationIsVisible = 0;
			defaultConfigurationName = Release;
		};
/* End XCConfigurationList section */
	};
	rootObject = C5B289F6278E020B00271BB6 /* Project object */;
}
